{
  "version": 1,
  "dependencies": {
    "net8.0": {
      "BouncyCastle.Cryptography": {
        "type": "Direct",
        "requested": "[2.6.1, )",
        "resolved": "2.6.1",
        "contentHash": "vZsG2YILhthgRqO+ZVgRff4ZFKKTl0v7kqaVBLCtRvpREhfBP33pcWrdA3PRYgWuFL1RxiUFvjMUHTdBZlJcoA=="
      },
      "Microsoft.VisualStudio.Azure.Containers.Tools.Targets": {
        "type": "Direct",
        "requested": "[1.21.0, )",
        "resolved": "1.21.0",
        "contentHash": "8NudeHOE56YsY59HYY89akRMup8Ho+7Y3cADTGjajjWroXVU9RQai2nA6PfteB8AuzmRHZ5NZQB2BnWhQEul5g=="
      },
      "NLog.Web.AspNetCore": {
        "type": "Direct",
        "requested": "[6.0.3, )",
        "resolved": "6.0.3",
        "contentHash": "cp/NPhbp2SQ5eHnyPmWFP/9CyfgD1e+IMs8YdccxyBpzeed5wrDa0KjxSSTfDodERjISL/yPKzXsSCfpkgm78A==",
        "dependencies": {
          "NLog.Extensions.Logging": "6.0.3"
        }
      },
      "Npgsql.EntityFrameworkCore.PostgreSQL": {
        "type": "Direct",
        "requested": "[8.0.2, )",
        "resolved": "8.0.2",
        "contentHash": "eoZPynwkZTWFTgnocvXORuCL2yFZtscrUdqVhjxiRULpC7BMg9zhLM5oDZAU5PoX1PgN77hmkKE4a3PQiHqh7Q==",
        "dependencies": {
          "Microsoft.EntityFrameworkCore": "8.0.2",
          "Microsoft.EntityFrameworkCore.Abstractions": "8.0.2",
          "Microsoft.EntityFrameworkCore.Relational": "8.0.2",
          "Npgsql": "8.0.2"
        }
      },
      "Pomelo.EntityFrameworkCore.MySql": {
        "type": "Direct",
        "requested": "[8.0.3, )",
        "resolved": "8.0.3",
        "contentHash": "gOHP6v/nFp5V/FgHqv9mZocGqCLGofihEX9dTbLhiXX3H7SJHmGX70GIPUpiqLT+1jIfDxg1PZh9MTUKuk7Kig==",
        "dependencies": {
          "Microsoft.EntityFrameworkCore.Relational": "[8.0.13, 8.0.999]",
          "MySqlConnector": "2.3.5"
        }
      },
      "Swashbuckle.AspNetCore": {
        "type": "Direct",
        "requested": "[9.0.3, )",
        "resolved": "9.0.3",
        "contentHash": "Akk4oFgy0ST8Q8pZTfPbrt045tWNyMMiKhlbYjG3qnjQZLz645IL5vhQm7NLicc2sAAQ+vftArIlsYWFevmb2g==",
        "dependencies": {
          "Microsoft.Extensions.ApiDescription.Server": "8.0.0",
          "Swashbuckle.AspNetCore.Swagger": "9.0.3",
          "Swashbuckle.AspNetCore.SwaggerGen": "9.0.3",
          "Swashbuckle.AspNetCore.SwaggerUI": "9.0.3"
        }
      },
      "System.Formats.Asn1": {
        "type": "Direct",
        "requested": "[9.0.6, )",
        "resolved": "9.0.6",
        "contentHash": "8LbKs3WVqyDSszFZJA9Uxg9z+C6WbPbFTSPm/HjFEsWx49XWs0ueqaAKPWncvFJ8yl4H4C/RTnUMhCKoXkddkg=="
      },
      "VaultSharp": {
        "type": "Direct",
        "requested": "[1.17.5.1, )",
        "resolved": "1.17.5.1",
        "contentHash": "1O/F+AQCkyK4K709pBDYEbDDfJ12OlaE5lnOs9dffq+KxqrnPxh8FIdQtEst9yBJmC7I0BptftzTJyRSwhZR/A=="
      },
      "Microsoft.EntityFrameworkCore": {
        "type": "Transitive",
        "resolved": "8.0.13",
        "contentHash": "4wyLeg64sZgJcER83fkitlKuySY3OzwcOZSZcGV1TNskmThupfhcVlsQht7bNCfNpXTCZVNIOwAZChk6/OFdXQ==",
        "dependencies": {
          "Microsoft.EntityFrameworkCore.Abstractions": "8.0.13",
          "Microsoft.EntityFrameworkCore.Analyzers": "8.0.13",
          "Microsoft.Extensions.Caching.Memory": "8.0.1",
          "Microsoft.Extensions.Logging": "8.0.1"
        }
      },
      "Microsoft.EntityFrameworkCore.Abstractions": {
        "type": "Transitive",
        "resolved": "8.0.13",
        "contentHash": "a6O+v8CMStumpVoQyN0aUpx5P3/qYZP+5791sGrzJhIM+QsniQdSaJVdUSneL40M+FpBgtiC8ggqzNo2x/gVlw=="
      },
      "Microsoft.EntityFrameworkCore.Analyzers": {
        "type": "Transitive",
        "resolved": "8.0.13",
        "contentHash": "ENny33QADFiRxge5ikJBs2p7JB4MQx/ZSPKPNwt2eJPO0lVUGSjTiJeunGGggkVHiaUy0yY4f625LQtNlErIsw=="
      },
      "Microsoft.EntityFrameworkCore.Relational": {
        "type": "Transitive",
        "resolved": "8.0.13",
        "contentHash": "uQR2iTar+6ZEjEHTwgH0/7ySSRme4R9sDiupfG3w/eBub3365fPw/MjhsuOMQkdq9YzLM7veH4Qt/K9OqL26Qg==",
        "dependencies": {
          "Microsoft.EntityFrameworkCore": "8.0.13",
          "Microsoft.Extensions.Configuration.Abstractions": "8.0.0"
        }
      },
      "Microsoft.Extensions.ApiDescription.Server": {
        "type": "Transitive",
        "resolved": "8.0.0",
        "contentHash": "jDM3a95WerM8g6IcMiBXq1qRS9dqmEUpgnCk2DeMWpPkYtp1ia+CkXabOnK93JmhVlUmv8l9WMPsCSUm+WqkIA=="
      },
      "Microsoft.Extensions.Caching.Abstractions": {
        "type": "Transitive",
        "resolved": "8.0.0",
        "contentHash": "3KuSxeHoNYdxVYfg2IRZCThcrlJ1XJqIXkAWikCsbm5C/bCjv7G0WoKDyuR98Q+T607QT2Zl5GsbGRkENcV2yQ==",
        "dependencies": {
          "Microsoft.Extensions.Primitives": "8.0.0"
        }
      },
      "Microsoft.Extensions.Caching.Memory": {
        "type": "Transitive",
        "resolved": "8.0.1",
        "contentHash": "HFDnhYLccngrzyGgHkjEDU5FMLn4MpOsr5ElgsBMC4yx6lJh4jeWO7fHS8+TXPq+dgxCmUa/Trl8svObmwW4QA==",
        "dependencies": {
          "Microsoft.Extensions.Caching.Abstractions": "8.0.0",
          "Microsoft.Extensions.DependencyInjection.Abstractions": "8.0.2",
          "Microsoft.Extensions.Logging.Abstractions": "8.0.2",
          "Microsoft.Extensions.Options": "8.0.2",
          "Microsoft.Extensions.Primitives": "8.0.0"
        }
      },
      "Microsoft.Extensions.Configuration.Abstractions": {
        "type": "Transitive",
        "resolved": "8.0.0",
        "contentHash": "3lE/iLSutpgX1CC0NOW70FJoGARRHbyKmG7dc0klnUZ9Dd9hS6N/POPWhKhMLCEuNN5nXEY5agmlFtH562vqhQ==",
        "dependencies": {
          "Microsoft.Extensions.Primitives": "8.0.0"
        }
      },
      "Microsoft.Extensions.DependencyInjection": {
        "type": "Transitive",
        "resolved": "8.0.1",
        "contentHash": "BmANAnR5Xd4Oqw7yQ75xOAYODybZQRzdeNucg7kS5wWKd2PNnMdYtJ2Vciy0QLylRmv42DGl5+AFL9izA6F1Rw==",
        "dependencies": {
          "Microsoft.Extensions.DependencyInjection.Abstractions": "8.0.2"
        }
      },
      "Microsoft.Extensions.DependencyInjection.Abstractions": {
        "type": "Transitive",
        "resolved": "8.0.2",
        "contentHash": "3iE7UF7MQkCv1cxzCahz+Y/guQbTqieyxyaWKhrRO91itI9cOKO76OHeQDahqG4MmW5umr3CcCvGmK92lWNlbg=="
      },
      "Microsoft.Extensions.Logging": {
        "type": "Transitive",
        "resolved": "8.0.1",
        "contentHash": "4x+pzsQEbqxhNf1QYRr5TDkLP9UsLT3A6MdRKDDEgrW7h1ljiEPgTNhKYUhNCCAaVpQECVQ+onA91PTPnIp6Lw==",
        "dependencies": {
          "Microsoft.Extensions.DependencyInjection": "8.0.1",
          "Microsoft.Extensions.Logging.Abstractions": "8.0.2",
          "Microsoft.Extensions.Options": "8.0.2"
        }
      },
      "Microsoft.Extensions.Logging.Abstractions": {
        "type": "Transitive",
        "resolved": "8.0.2",
        "contentHash": "nroMDjS7hNBPtkZqVBbSiQaQjWRDxITI8Y7XnDs97rqG3EbzVTNLZQf7bIeUJcaHOV8bca47s1Uxq94+2oGdxA==",
        "dependencies": {
          "Microsoft.Extensions.DependencyInjection.Abstractions": "8.0.2"
        }
      },
      "Microsoft.Extensions.Options": {
        "type": "Transitive",
        "resolved": "8.0.2",
        "contentHash": "dWGKvhFybsaZpGmzkGCbNNwBD1rVlWzrZKANLW/CcbFJpCEceMCGzT7zZwHOGBCbwM0SzBuceMj5HN1LKV1QqA==",
        "dependencies": {
          "Microsoft.Extensions.DependencyInjection.Abstractions": "8.0.0",
          "Microsoft.Extensions.Primitives": "8.0.0"
        }
      },
      "Microsoft.Extensions.Primitives": {
        "type": "Transitive",
        "resolved": "8.0.0",
        "contentHash": "bXJEZrW9ny8vjMF1JV253WeLhpEVzFo1lyaZu1vQ4ZxWUlVvknZ/+ftFgVheLubb4eZPSwwxBeqS1JkCOjxd8g=="
      },
      "Microsoft.OpenApi": {
        "type": "Transitive",
        "resolved": "1.6.23",
        "contentHash": "tZ1I0KXnn98CWuV8cpI247A17jaY+ILS9vvF7yhI0uPPEqF4P1d7BWL5Uwtel10w9NucllHB3nTkfYTAcHAh8g=="
      },
      "MySqlConnector": {
        "type": "Transitive",
        "resolved": "2.3.5",
        "contentHash": "AmEfUPkFl+Ev6jJ8Dhns3CYHBfD12RHzGYWuLt6DfG6/af6YvOMyPz74ZPPjBYQGRJkumD2Z48Kqm8s5DJuhLA==",
        "dependencies": {
          "Microsoft.Extensions.Logging.Abstractions": "7.0.1"
        }
      },
      "NLog": {
        "type": "Transitive",
        "resolved": "6.0.3",
        "contentHash": "5RMrpvadysflvDOi5ozD7aK1P+YL2DyZbQSxzE8qBKkw2pxPNOQA6vJtumcT6SuzE9qxhwGkQwMkLLaKnALwiw=="
      },
      "NLog.Extensions.Logging": {
        "type": "Transitive",
        "resolved": "6.0.3",
        "contentHash": "xQFejXRQG4l2ByhbnphDphHvf4wiOTUN7XGEB36/VpcB+HsTtB3KnWKaIgBBWjxM32bsDyyQqryh7y3KsOew4Q==",
        "dependencies": {
          "Microsoft.Extensions.Configuration.Abstractions": "8.0.0",
          "Microsoft.Extensions.Logging": "8.0.0",
          "NLog": "6.0.3"
        }
      },
      "Npgsql": {
        "type": "Transitive",
        "resolved": "8.0.2",
        "contentHash": "MuJzLoWCaQhQAR3oh66YR0Ir6mxuezncGX3f8wxvAc21g0+9HICktJQlqMoODhxztZKXE5k9GxRxqUAN+vPb4g==",
        "dependencies": {
          "Microsoft.Extensions.Logging.Abstractions": "8.0.0"
        }
      },
      "Swashbuckle.AspNetCore.Swagger": {
        "type": "Transitive",
        "resolved": "9.0.3",
        "contentHash": "CGpkZDWj1g/yH/0wYkxUtBhiFo5TY/Esq2fS0vlBvLOs1UL2Jzef9tdtYmTdd3zBPtnMyXQcsXjMt9yCxz4VaA==",
        "dependencies": {
          "Microsoft.OpenApi": "1.6.23"
        }
      },
      "Swashbuckle.AspNetCore.SwaggerGen": {
        "type": "Transitive",
        "resolved": "9.0.3",
        "contentHash": "STqjhw1TZiEGmIRgE6jcJUOcgU/Fjquc6dP4GqbuwBzqWZAWr/9T7FZOGWYEwKnmkMplzlUNepGHwnUrfTP0fw==",
        "dependencies": {
          "Swashbuckle.AspNetCore.Swagger": "9.0.3"
        }
      },
      "Swashbuckle.AspNetCore.SwaggerUI": {
        "type": "Transitive",
        "resolved": "9.0.3",
        "contentHash": "DgJKJASz5OAygeKv2+N0FCZVhQylESqLXrtrRAqIT0vKpX7t5ImJ1FL6+6OqxKiamGkL0jchRXR8OgpMSsMh8w=="
      }
    }
  }
}